
Microsoft Visual Studio Solution File, Format Version 12.00
# Visual Studio Version 17
VisualStudioVersion = 17.1.31911.260
MinimumVisualStudioVersion = 10.0.40219.1
Project("{F184B08F-C81C-45F6-A57F-5ABD9991F28F}") = "Entity", "Entity\Entity.vbproj", "{210ED754-A914-44F3-BDF5-2C69B54D343C}"
EndProject
Project("{F184B08F-C81C-45F6-A57F-5ABD9991F28F}") = "Bussines", "Bussines\Bussines.vbproj", "{911C818A-9997-44CF-ABEC-E83B8389FAA7}"
EndProject
Project("{F184B08F-C81C-45F6-A57F-5ABD9991F28F}") = "Data", "Data\Data.vbproj", "{A903A639-DB9E-4BBA-823E-7850DC6DD637}"
EndProject
Project("{F184B08F-C81C-45F6-A57F-5ABD9991F28F}") = "APP", "APP\APP.vbproj", "{E74633A7-1DB5-4320-B372-11F16D9747B6}"
EndProject
Project("{F184B08F-C81C-45F6-A57F-5ABD9991F28F}") = "APPControls", "APPControls\APPControls.vbproj", "{0D52A260-7D3C-449A-B81C-28D93C9753C1}"
EndProject
Project("{F184B08F-C81C-45F6-A57F-5ABD9991F28F}") = "Type", "Type\Type.vbproj", "{657717A6-5EFF-45C7-B4A7-1B285EE58C53}"
EndProject
Project("{F184B08F-C81C-45F6-A57F-5ABD9991F28F}") = "APPReporte", "APPReporte\APPReporte.vbproj", "{D17E2712-D4D5-4E9E-BB47-708090FFC0F5}"
EndProject
Project("{F184B08F-C81C-45F6-A57F-5ABD9991F28F}") = "APPWebService", "APPWebService\APPWebService.vbproj", "{9CED347B-6371-4CCC-81F0-A756B5744B83}"
EndProject
Project("{F184B08F-C81C-45F6-A57F-5ABD9991F28F}") = "APPCamaraWeb", "APPCamaraWeb\APPCamaraWeb.vbproj", "{818BD653-A107-4935-BC67-9B0F234D1F87}"
EndProject
Project("{F184B08F-C81C-45F6-A57F-5ABD9991F28F}") = "APPControlHuellaVisita", "APPControlHuellaVisita\APPControlHuellaVisita.vbproj", "{FAB74AE6-B2B3-487F-9BFB-CFDB4BD1AD8B}"
EndProject
Global
	GlobalSection(SolutionConfigurationPlatforms) = preSolution
		CD_ROM|.NET = CD_ROM|.NET
		CD_ROM|Any CPU = CD_ROM|Any CPU
		CD_ROM|Mixed Platforms = CD_ROM|Mixed Platforms
		CD_ROM|x86 = CD_ROM|x86
		Debug|.NET = Debug|.NET
		Debug|Any CPU = Debug|Any CPU
		Debug|Mixed Platforms = Debug|Mixed Platforms
		Debug|x86 = Debug|x86
		DVD-5|.NET = DVD-5|.NET
		DVD-5|Any CPU = DVD-5|Any CPU
		DVD-5|Mixed Platforms = DVD-5|Mixed Platforms
		DVD-5|x86 = DVD-5|x86
		Release|.NET = Release|.NET
		Release|Any CPU = Release|Any CPU
		Release|Mixed Platforms = Release|Mixed Platforms
		Release|x86 = Release|x86
		SingleImage|.NET = SingleImage|.NET
		SingleImage|Any CPU = SingleImage|Any CPU
		SingleImage|Mixed Platforms = SingleImage|Mixed Platforms
		SingleImage|x86 = SingleImage|x86
	EndGlobalSection
	GlobalSection(ProjectConfigurationPlatforms) = postSolution
		{210ED754-A914-44F3-BDF5-2C69B54D343C}.CD_ROM|.NET.ActiveCfg = Release|Any CPU
		{210ED754-A914-44F3-BDF5-2C69B54D343C}.CD_ROM|Any CPU.ActiveCfg = Release|Any CPU
		{210ED754-A914-44F3-BDF5-2C69B54D343C}.CD_ROM|Any CPU.Build.0 = Release|Any CPU
		{210ED754-A914-44F3-BDF5-2C69B54D343C}.CD_ROM|Mixed Platforms.ActiveCfg = Release|Any CPU
		{210ED754-A914-44F3-BDF5-2C69B54D343C}.CD_ROM|Mixed Platforms.Build.0 = Release|Any CPU
		{210ED754-A914-44F3-BDF5-2C69B54D343C}.CD_ROM|x86.ActiveCfg = Release|Any CPU
		{210ED754-A914-44F3-BDF5-2C69B54D343C}.Debug|.NET.ActiveCfg = Debug|Any CPU
		{210ED754-A914-44F3-BDF5-2C69B54D343C}.Debug|Any CPU.ActiveCfg = Debug|Any CPU
		{210ED754-A914-44F3-BDF5-2C69B54D343C}.Debug|Any CPU.Build.0 = Debug|Any CPU
		{210ED754-A914-44F3-BDF5-2C69B54D343C}.Debug|Mixed Platforms.ActiveCfg = Debug|Any CPU
		{210ED754-A914-44F3-BDF5-2C69B54D343C}.Debug|Mixed Platforms.Build.0 = Debug|Any CPU
		{210ED754-A914-44F3-BDF5-2C69B54D343C}.Debug|x86.ActiveCfg = Debug|Any CPU
		{210ED754-A914-44F3-BDF5-2C69B54D343C}.DVD-5|.NET.ActiveCfg = Debug|Any CPU
		{210ED754-A914-44F3-BDF5-2C69B54D343C}.DVD-5|Any CPU.ActiveCfg = Debug|Any CPU
		{210ED754-A914-44F3-BDF5-2C69B54D343C}.DVD-5|Any CPU.Build.0 = Debug|Any CPU
		{210ED754-A914-44F3-BDF5-2C69B54D343C}.DVD-5|Mixed Platforms.ActiveCfg = Debug|Any CPU
		{210ED754-A914-44F3-BDF5-2C69B54D343C}.DVD-5|Mixed Platforms.Build.0 = Debug|Any CPU
		{210ED754-A914-44F3-BDF5-2C69B54D343C}.DVD-5|x86.ActiveCfg = Debug|Any CPU
		{210ED754-A914-44F3-BDF5-2C69B54D343C}.Release|.NET.ActiveCfg = Release|Any CPU
		{210ED754-A914-44F3-BDF5-2C69B54D343C}.Release|Any CPU.ActiveCfg = Release|Any CPU
		{210ED754-A914-44F3-BDF5-2C69B54D343C}.Release|Any CPU.Build.0 = Release|Any CPU
		{210ED754-A914-44F3-BDF5-2C69B54D343C}.Release|Mixed Platforms.ActiveCfg = Release|Any CPU
		{210ED754-A914-44F3-BDF5-2C69B54D343C}.Release|Mixed Platforms.Build.0 = Release|Any CPU
		{210ED754-A914-44F3-BDF5-2C69B54D343C}.Release|x86.ActiveCfg = Release|Any CPU
		{210ED754-A914-44F3-BDF5-2C69B54D343C}.SingleImage|.NET.ActiveCfg = Release|Any CPU
		{210ED754-A914-44F3-BDF5-2C69B54D343C}.SingleImage|Any CPU.ActiveCfg = Release|Any CPU
		{210ED754-A914-44F3-BDF5-2C69B54D343C}.SingleImage|Any CPU.Build.0 = Release|Any CPU
		{210ED754-A914-44F3-BDF5-2C69B54D343C}.SingleImage|Mixed Platforms.ActiveCfg = Release|Any CPU
		{210ED754-A914-44F3-BDF5-2C69B54D343C}.SingleImage|Mixed Platforms.Build.0 = Release|Any CPU
		{210ED754-A914-44F3-BDF5-2C69B54D343C}.SingleImage|x86.ActiveCfg = Release|Any CPU
		{911C818A-9997-44CF-ABEC-E83B8389FAA7}.CD_ROM|.NET.ActiveCfg = Release|Any CPU
		{911C818A-9997-44CF-ABEC-E83B8389FAA7}.CD_ROM|Any CPU.ActiveCfg = Release|Any CPU
		{911C818A-9997-44CF-ABEC-E83B8389FAA7}.CD_ROM|Any CPU.Build.0 = Release|Any CPU
		{911C818A-9997-44CF-ABEC-E83B8389FAA7}.CD_ROM|Mixed Platforms.ActiveCfg = Release|Any CPU
		{911C818A-9997-44CF-ABEC-E83B8389FAA7}.CD_ROM|Mixed Platforms.Build.0 = Release|Any CPU
		{911C818A-9997-44CF-ABEC-E83B8389FAA7}.CD_ROM|x86.ActiveCfg = Release|Any CPU
		{911C818A-9997-44CF-ABEC-E83B8389FAA7}.Debug|.NET.ActiveCfg = Debug|Any CPU
		{911C818A-9997-44CF-ABEC-E83B8389FAA7}.Debug|Any CPU.ActiveCfg = Debug|Any CPU
		{911C818A-9997-44CF-ABEC-E83B8389FAA7}.Debug|Any CPU.Build.0 = Debug|Any CPU
		{911C818A-9997-44CF-ABEC-E83B8389FAA7}.Debug|Mixed Platforms.ActiveCfg = Debug|Any CPU
		{911C818A-9997-44CF-ABEC-E83B8389FAA7}.Debug|Mixed Platforms.Build.0 = Debug|Any CPU
		{911C818A-9997-44CF-ABEC-E83B8389FAA7}.Debug|x86.ActiveCfg = Debug|Any CPU
		{911C818A-9997-44CF-ABEC-E83B8389FAA7}.DVD-5|.NET.ActiveCfg = Debug|Any CPU
		{911C818A-9997-44CF-ABEC-E83B8389FAA7}.DVD-5|Any CPU.ActiveCfg = Debug|Any CPU
		{911C818A-9997-44CF-ABEC-E83B8389FAA7}.DVD-5|Any CPU.Build.0 = Debug|Any CPU
		{911C818A-9997-44CF-ABEC-E83B8389FAA7}.DVD-5|Mixed Platforms.ActiveCfg = Debug|Any CPU
		{911C818A-9997-44CF-ABEC-E83B8389FAA7}.DVD-5|Mixed Platforms.Build.0 = Debug|Any CPU
		{911C818A-9997-44CF-ABEC-E83B8389FAA7}.DVD-5|x86.ActiveCfg = Debug|Any CPU
		{911C818A-9997-44CF-ABEC-E83B8389FAA7}.Release|.NET.ActiveCfg = Release|Any CPU
		{911C818A-9997-44CF-ABEC-E83B8389FAA7}.Release|Any CPU.ActiveCfg = Release|Any CPU
		{911C818A-9997-44CF-ABEC-E83B8389FAA7}.Release|Any CPU.Build.0 = Release|Any CPU
		{911C818A-9997-44CF-ABEC-E83B8389FAA7}.Release|Mixed Platforms.ActiveCfg = Release|Any CPU
		{911C818A-9997-44CF-ABEC-E83B8389FAA7}.Release|Mixed Platforms.Build.0 = Release|Any CPU
		{911C818A-9997-44CF-ABEC-E83B8389FAA7}.Release|x86.ActiveCfg = Release|Any CPU
		{911C818A-9997-44CF-ABEC-E83B8389FAA7}.SingleImage|.NET.ActiveCfg = Release|Any CPU
		{911C818A-9997-44CF-ABEC-E83B8389FAA7}.SingleImage|Any CPU.ActiveCfg = Release|Any CPU
		{911C818A-9997-44CF-ABEC-E83B8389FAA7}.SingleImage|Any CPU.Build.0 = Release|Any CPU
		{911C818A-9997-44CF-ABEC-E83B8389FAA7}.SingleImage|Mixed Platforms.ActiveCfg = Release|Any CPU
		{911C818A-9997-44CF-ABEC-E83B8389FAA7}.SingleImage|Mixed Platforms.Build.0 = Release|Any CPU
		{911C818A-9997-44CF-ABEC-E83B8389FAA7}.SingleImage|x86.ActiveCfg = Release|Any CPU
		{A903A639-DB9E-4BBA-823E-7850DC6DD637}.CD_ROM|.NET.ActiveCfg = Release|Any CPU
		{A903A639-DB9E-4BBA-823E-7850DC6DD637}.CD_ROM|Any CPU.ActiveCfg = Release|Any CPU
		{A903A639-DB9E-4BBA-823E-7850DC6DD637}.CD_ROM|Any CPU.Build.0 = Release|Any CPU
		{A903A639-DB9E-4BBA-823E-7850DC6DD637}.CD_ROM|Mixed Platforms.ActiveCfg = Release|Any CPU
		{A903A639-DB9E-4BBA-823E-7850DC6DD637}.CD_ROM|Mixed Platforms.Build.0 = Release|Any CPU
		{A903A639-DB9E-4BBA-823E-7850DC6DD637}.CD_ROM|x86.ActiveCfg = Release|Any CPU
		{A903A639-DB9E-4BBA-823E-7850DC6DD637}.Debug|.NET.ActiveCfg = Debug|Any CPU
		{A903A639-DB9E-4BBA-823E-7850DC6DD637}.Debug|Any CPU.ActiveCfg = Debug|Any CPU
		{A903A639-DB9E-4BBA-823E-7850DC6DD637}.Debug|Any CPU.Build.0 = Debug|Any CPU
		{A903A639-DB9E-4BBA-823E-7850DC6DD637}.Debug|Mixed Platforms.ActiveCfg = Debug|Any CPU
		{A903A639-DB9E-4BBA-823E-7850DC6DD637}.Debug|Mixed Platforms.Build.0 = Debug|Any CPU
		{A903A639-DB9E-4BBA-823E-7850DC6DD637}.Debug|x86.ActiveCfg = Debug|Any CPU
		{A903A639-DB9E-4BBA-823E-7850DC6DD637}.DVD-5|.NET.ActiveCfg = Debug|Any CPU
		{A903A639-DB9E-4BBA-823E-7850DC6DD637}.DVD-5|Any CPU.ActiveCfg = Debug|Any CPU
		{A903A639-DB9E-4BBA-823E-7850DC6DD637}.DVD-5|Any CPU.Build.0 = Debug|Any CPU
		{A903A639-DB9E-4BBA-823E-7850DC6DD637}.DVD-5|Mixed Platforms.ActiveCfg = Debug|Any CPU
		{A903A639-DB9E-4BBA-823E-7850DC6DD637}.DVD-5|Mixed Platforms.Build.0 = Debug|Any CPU
		{A903A639-DB9E-4BBA-823E-7850DC6DD637}.DVD-5|x86.ActiveCfg = Debug|Any CPU
		{A903A639-DB9E-4BBA-823E-7850DC6DD637}.Release|.NET.ActiveCfg = Release|Any CPU
		{A903A639-DB9E-4BBA-823E-7850DC6DD637}.Release|Any CPU.ActiveCfg = Release|Any CPU
		{A903A639-DB9E-4BBA-823E-7850DC6DD637}.Release|Any CPU.Build.0 = Release|Any CPU
		{A903A639-DB9E-4BBA-823E-7850DC6DD637}.Release|Mixed Platforms.ActiveCfg = Release|Any CPU
		{A903A639-DB9E-4BBA-823E-7850DC6DD637}.Release|Mixed Platforms.Build.0 = Release|Any CPU
		{A903A639-DB9E-4BBA-823E-7850DC6DD637}.Release|x86.ActiveCfg = Release|Any CPU
		{A903A639-DB9E-4BBA-823E-7850DC6DD637}.SingleImage|.NET.ActiveCfg = Release|Any CPU
		{A903A639-DB9E-4BBA-823E-7850DC6DD637}.SingleImage|Any CPU.ActiveCfg = Release|Any CPU
		{A903A639-DB9E-4BBA-823E-7850DC6DD637}.SingleImage|Any CPU.Build.0 = Release|Any CPU
		{A903A639-DB9E-4BBA-823E-7850DC6DD637}.SingleImage|Mixed Platforms.ActiveCfg = Release|Any CPU
		{A903A639-DB9E-4BBA-823E-7850DC6DD637}.SingleImage|Mixed Platforms.Build.0 = Release|Any CPU
		{A903A639-DB9E-4BBA-823E-7850DC6DD637}.SingleImage|x86.ActiveCfg = Release|Any CPU
		{E74633A7-1DB5-4320-B372-11F16D9747B6}.CD_ROM|.NET.ActiveCfg = Release|x86
		{E74633A7-1DB5-4320-B372-11F16D9747B6}.CD_ROM|Any CPU.ActiveCfg = Release|x86
		{E74633A7-1DB5-4320-B372-11F16D9747B6}.CD_ROM|Mixed Platforms.ActiveCfg = Release|x86
		{E74633A7-1DB5-4320-B372-11F16D9747B6}.CD_ROM|Mixed Platforms.Build.0 = Release|x86
		{E74633A7-1DB5-4320-B372-11F16D9747B6}.CD_ROM|x86.ActiveCfg = Release|x86
		{E74633A7-1DB5-4320-B372-11F16D9747B6}.CD_ROM|x86.Build.0 = Release|x86
		{E74633A7-1DB5-4320-B372-11F16D9747B6}.Debug|.NET.ActiveCfg = Debug|Any CPU
		{E74633A7-1DB5-4320-B372-11F16D9747B6}.Debug|Any CPU.ActiveCfg = Debug|Any CPU
		{E74633A7-1DB5-4320-B372-11F16D9747B6}.Debug|Any CPU.Build.0 = Debug|Any CPU
		{E74633A7-1DB5-4320-B372-11F16D9747B6}.Debug|Mixed Platforms.ActiveCfg = Debug|Any CPU
		{E74633A7-1DB5-4320-B372-11F16D9747B6}.Debug|Mixed Platforms.Build.0 = Debug|Any CPU
		{E74633A7-1DB5-4320-B372-11F16D9747B6}.Debug|x86.ActiveCfg = Debug|Any CPU
		{E74633A7-1DB5-4320-B372-11F16D9747B6}.Debug|x86.Build.0 = Debug|Any CPU
		{E74633A7-1DB5-4320-B372-11F16D9747B6}.DVD-5|.NET.ActiveCfg = Debug|x86
		{E74633A7-1DB5-4320-B372-11F16D9747B6}.DVD-5|Any CPU.ActiveCfg = Debug|x86
		{E74633A7-1DB5-4320-B372-11F16D9747B6}.DVD-5|Mixed Platforms.ActiveCfg = Debug|x86
		{E74633A7-1DB5-4320-B372-11F16D9747B6}.DVD-5|Mixed Platforms.Build.0 = Debug|x86
		{E74633A7-1DB5-4320-B372-11F16D9747B6}.DVD-5|x86.ActiveCfg = Debug|x86
		{E74633A7-1DB5-4320-B372-11F16D9747B6}.DVD-5|x86.Build.0 = Debug|x86
		{E74633A7-1DB5-4320-B372-11F16D9747B6}.Release|.NET.ActiveCfg = Release|Any CPU
		{E74633A7-1DB5-4320-B372-11F16D9747B6}.Release|Any CPU.ActiveCfg = Release|Any CPU
		{E74633A7-1DB5-4320-B372-11F16D9747B6}.Release|Any CPU.Build.0 = Release|Any CPU
		{E74633A7-1DB5-4320-B372-11F16D9747B6}.Release|Mixed Platforms.ActiveCfg = Release|Any CPU
		{E74633A7-1DB5-4320-B372-11F16D9747B6}.Release|Mixed Platforms.Build.0 = Release|Any CPU
		{E74633A7-1DB5-4320-B372-11F16D9747B6}.Release|x86.ActiveCfg = Release|x86
		{E74633A7-1DB5-4320-B372-11F16D9747B6}.Release|x86.Build.0 = Release|x86
		{E74633A7-1DB5-4320-B372-11F16D9747B6}.SingleImage|.NET.ActiveCfg = Release|x86
		{E74633A7-1DB5-4320-B372-11F16D9747B6}.SingleImage|Any CPU.ActiveCfg = Release|x86
		{E74633A7-1DB5-4320-B372-11F16D9747B6}.SingleImage|Mixed Platforms.ActiveCfg = Release|x86
		{E74633A7-1DB5-4320-B372-11F16D9747B6}.SingleImage|Mixed Platforms.Build.0 = Release|x86
		{E74633A7-1DB5-4320-B372-11F16D9747B6}.SingleImage|x86.ActiveCfg = Release|x86
		{E74633A7-1DB5-4320-B372-11F16D9747B6}.SingleImage|x86.Build.0 = Release|x86
		{0D52A260-7D3C-449A-B81C-28D93C9753C1}.CD_ROM|.NET.ActiveCfg = Release|Any CPU
		{0D52A260-7D3C-449A-B81C-28D93C9753C1}.CD_ROM|Any CPU.ActiveCfg = Release|Any CPU
		{0D52A260-7D3C-449A-B81C-28D93C9753C1}.CD_ROM|Any CPU.Build.0 = Release|Any CPU
		{0D52A260-7D3C-449A-B81C-28D93C9753C1}.CD_ROM|Mixed Platforms.ActiveCfg = Release|Any CPU
		{0D52A260-7D3C-449A-B81C-28D93C9753C1}.CD_ROM|Mixed Platforms.Build.0 = Release|Any CPU
		{0D52A260-7D3C-449A-B81C-28D93C9753C1}.CD_ROM|x86.ActiveCfg = Release|Any CPU
		{0D52A260-7D3C-449A-B81C-28D93C9753C1}.Debug|.NET.ActiveCfg = Debug|Any CPU
		{0D52A260-7D3C-449A-B81C-28D93C9753C1}.Debug|Any CPU.ActiveCfg = Debug|Any CPU
		{0D52A260-7D3C-449A-B81C-28D93C9753C1}.Debug|Any CPU.Build.0 = Debug|Any CPU
		{0D52A260-7D3C-449A-B81C-28D93C9753C1}.Debug|Mixed Platforms.ActiveCfg = Debug|Any CPU
		{0D52A260-7D3C-449A-B81C-28D93C9753C1}.Debug|Mixed Platforms.Build.0 = Debug|Any CPU
		{0D52A260-7D3C-449A-B81C-28D93C9753C1}.Debug|x86.ActiveCfg = Debug|Any CPU
		{0D52A260-7D3C-449A-B81C-28D93C9753C1}.DVD-5|.NET.ActiveCfg = Debug|Any CPU
		{0D52A260-7D3C-449A-B81C-28D93C9753C1}.DVD-5|Any CPU.ActiveCfg = Debug|Any CPU
		{0D52A260-7D3C-449A-B81C-28D93C9753C1}.DVD-5|Any CPU.Build.0 = Debug|Any CPU
		{0D52A260-7D3C-449A-B81C-28D93C9753C1}.DVD-5|Mixed Platforms.ActiveCfg = Debug|Any CPU
		{0D52A260-7D3C-449A-B81C-28D93C9753C1}.DVD-5|Mixed Platforms.Build.0 = Debug|Any CPU
		{0D52A260-7D3C-449A-B81C-28D93C9753C1}.DVD-5|x86.ActiveCfg = Debug|Any CPU
		{0D52A260-7D3C-449A-B81C-28D93C9753C1}.Release|.NET.ActiveCfg = Release|Any CPU
		{0D52A260-7D3C-449A-B81C-28D93C9753C1}.Release|Any CPU.ActiveCfg = Release|Any CPU
		{0D52A260-7D3C-449A-B81C-28D93C9753C1}.Release|Any CPU.Build.0 = Release|Any CPU
		{0D52A260-7D3C-449A-B81C-28D93C9753C1}.Release|Mixed Platforms.ActiveCfg = Release|Any CPU
		{0D52A260-7D3C-449A-B81C-28D93C9753C1}.Release|Mixed Platforms.Build.0 = Release|Any CPU
		{0D52A260-7D3C-449A-B81C-28D93C9753C1}.Release|x86.ActiveCfg = Release|Any CPU
		{0D52A260-7D3C-449A-B81C-28D93C9753C1}.SingleImage|.NET.ActiveCfg = Release|Any CPU
		{0D52A260-7D3C-449A-B81C-28D93C9753C1}.SingleImage|Any CPU.ActiveCfg = Release|Any CPU
		{0D52A260-7D3C-449A-B81C-28D93C9753C1}.SingleImage|Any CPU.Build.0 = Release|Any CPU
		{0D52A260-7D3C-449A-B81C-28D93C9753C1}.SingleImage|Mixed Platforms.ActiveCfg = Release|Any CPU
		{0D52A260-7D3C-449A-B81C-28D93C9753C1}.SingleImage|Mixed Platforms.Build.0 = Release|Any CPU
		{0D52A260-7D3C-449A-B81C-28D93C9753C1}.SingleImage|x86.ActiveCfg = Release|Any CPU
		{657717A6-5EFF-45C7-B4A7-1B285EE58C53}.CD_ROM|.NET.ActiveCfg = Release|Any CPU
		{657717A6-5EFF-45C7-B4A7-1B285EE58C53}.CD_ROM|Any CPU.ActiveCfg = Release|Any CPU
		{657717A6-5EFF-45C7-B4A7-1B285EE58C53}.CD_ROM|Any CPU.Build.0 = Release|Any CPU
		{657717A6-5EFF-45C7-B4A7-1B285EE58C53}.CD_ROM|Mixed Platforms.ActiveCfg = Release|Any CPU
		{657717A6-5EFF-45C7-B4A7-1B285EE58C53}.CD_ROM|Mixed Platforms.Build.0 = Release|Any CPU
		{657717A6-5EFF-45C7-B4A7-1B285EE58C53}.CD_ROM|x86.ActiveCfg = Release|Any CPU
		{657717A6-5EFF-45C7-B4A7-1B285EE58C53}.Debug|.NET.ActiveCfg = Debug|Any CPU
		{657717A6-5EFF-45C7-B4A7-1B285EE58C53}.Debug|Any CPU.ActiveCfg = Debug|Any CPU
		{657717A6-5EFF-45C7-B4A7-1B285EE58C53}.Debug|Any CPU.Build.0 = Debug|Any CPU
		{657717A6-5EFF-45C7-B4A7-1B285EE58C53}.Debug|Mixed Platforms.ActiveCfg = Debug|Any CPU
		{657717A6-5EFF-45C7-B4A7-1B285EE58C53}.Debug|Mixed Platforms.Build.0 = Debug|Any CPU
		{657717A6-5EFF-45C7-B4A7-1B285EE58C53}.Debug|x86.ActiveCfg = Debug|Any CPU
		{657717A6-5EFF-45C7-B4A7-1B285EE58C53}.DVD-5|.NET.ActiveCfg = Debug|Any CPU
		{657717A6-5EFF-45C7-B4A7-1B285EE58C53}.DVD-5|Any CPU.ActiveCfg = Debug|Any CPU
		{657717A6-5EFF-45C7-B4A7-1B285EE58C53}.DVD-5|Any CPU.Build.0 = Debug|Any CPU
		{657717A6-5EFF-45C7-B4A7-1B285EE58C53}.DVD-5|Mixed Platforms.ActiveCfg = Debug|Any CPU
		{657717A6-5EFF-45C7-B4A7-1B285EE58C53}.DVD-5|Mixed Platforms.Build.0 = Debug|Any CPU
		{657717A6-5EFF-45C7-B4A7-1B285EE58C53}.DVD-5|x86.ActiveCfg = Debug|Any CPU
		{657717A6-5EFF-45C7-B4A7-1B285EE58C53}.Release|.NET.ActiveCfg = Release|Any CPU
		{657717A6-5EFF-45C7-B4A7-1B285EE58C53}.Release|Any CPU.ActiveCfg = Release|Any CPU
		{657717A6-5EFF-45C7-B4A7-1B285EE58C53}.Release|Any CPU.Build.0 = Release|Any CPU
		{657717A6-5EFF-45C7-B4A7-1B285EE58C53}.Release|Mixed Platforms.ActiveCfg = Release|Any CPU
		{657717A6-5EFF-45C7-B4A7-1B285EE58C53}.Release|Mixed Platforms.Build.0 = Release|Any CPU
		{657717A6-5EFF-45C7-B4A7-1B285EE58C53}.Release|x86.ActiveCfg = Release|Any CPU
		{657717A6-5EFF-45C7-B4A7-1B285EE58C53}.SingleImage|.NET.ActiveCfg = Release|Any CPU
		{657717A6-5EFF-45C7-B4A7-1B285EE58C53}.SingleImage|Any CPU.ActiveCfg = Release|Any CPU
		{657717A6-5EFF-45C7-B4A7-1B285EE58C53}.SingleImage|Any CPU.Build.0 = Release|Any CPU
		{657717A6-5EFF-45C7-B4A7-1B285EE58C53}.SingleImage|Mixed Platforms.ActiveCfg = Release|Any CPU
		{657717A6-5EFF-45C7-B4A7-1B285EE58C53}.SingleImage|Mixed Platforms.Build.0 = Release|Any CPU
		{657717A6-5EFF-45C7-B4A7-1B285EE58C53}.SingleImage|x86.ActiveCfg = Release|Any CPU
		{D17E2712-D4D5-4E9E-BB47-708090FFC0F5}.CD_ROM|.NET.ActiveCfg = Release|Any CPU
		{D17E2712-D4D5-4E9E-BB47-708090FFC0F5}.CD_ROM|Any CPU.ActiveCfg = Release|Any CPU
		{D17E2712-D4D5-4E9E-BB47-708090FFC0F5}.CD_ROM|Any CPU.Build.0 = Release|Any CPU
		{D17E2712-D4D5-4E9E-BB47-708090FFC0F5}.CD_ROM|Mixed Platforms.ActiveCfg = Release|Any CPU
		{D17E2712-D4D5-4E9E-BB47-708090FFC0F5}.CD_ROM|Mixed Platforms.Build.0 = Release|Any CPU
		{D17E2712-D4D5-4E9E-BB47-708090FFC0F5}.CD_ROM|x86.ActiveCfg = Release|Any CPU
		{D17E2712-D4D5-4E9E-BB47-708090FFC0F5}.Debug|.NET.ActiveCfg = Debug|Any CPU
		{D17E2712-D4D5-4E9E-BB47-708090FFC0F5}.Debug|Any CPU.ActiveCfg = Debug|Any CPU
		{D17E2712-D4D5-4E9E-BB47-708090FFC0F5}.Debug|Any CPU.Build.0 = Debug|Any CPU
		{D17E2712-D4D5-4E9E-BB47-708090FFC0F5}.Debug|Mixed Platforms.ActiveCfg = Debug|Any CPU
		{D17E2712-D4D5-4E9E-BB47-708090FFC0F5}.Debug|Mixed Platforms.Build.0 = Debug|Any CPU
		{D17E2712-D4D5-4E9E-BB47-708090FFC0F5}.Debug|x86.ActiveCfg = Debug|Any CPU
		{D17E2712-D4D5-4E9E-BB47-708090FFC0F5}.DVD-5|.NET.ActiveCfg = Debug|Any CPU
		{D17E2712-D4D5-4E9E-BB47-708090FFC0F5}.DVD-5|Any CPU.ActiveCfg = Debug|Any CPU
		{D17E2712-D4D5-4E9E-BB47-708090FFC0F5}.DVD-5|Any CPU.Build.0 = Debug|Any CPU
		{D17E2712-D4D5-4E9E-BB47-708090FFC0F5}.DVD-5|Mixed Platforms.ActiveCfg = Debug|Any CPU
		{D17E2712-D4D5-4E9E-BB47-708090FFC0F5}.DVD-5|Mixed Platforms.Build.0 = Debug|Any CPU
		{D17E2712-D4D5-4E9E-BB47-708090FFC0F5}.DVD-5|x86.ActiveCfg = Debug|Any CPU
		{D17E2712-D4D5-4E9E-BB47-708090FFC0F5}.Release|.NET.ActiveCfg = Release|Any CPU
		{D17E2712-D4D5-4E9E-BB47-708090FFC0F5}.Release|Any CPU.ActiveCfg = Release|Any CPU
		{D17E2712-D4D5-4E9E-BB47-708090FFC0F5}.Release|Any CPU.Build.0 = Release|Any CPU
		{D17E2712-D4D5-4E9E-BB47-708090FFC0F5}.Release|Mixed Platforms.ActiveCfg = Release|Any CPU
		{D17E2712-D4D5-4E9E-BB47-708090FFC0F5}.Release|Mixed Platforms.Build.0 = Release|Any CPU
		{D17E2712-D4D5-4E9E-BB47-708090FFC0F5}.Release|x86.ActiveCfg = Release|Any CPU
		{D17E2712-D4D5-4E9E-BB47-708090FFC0F5}.SingleImage|.NET.ActiveCfg = Release|Any CPU
		{D17E2712-D4D5-4E9E-BB47-708090FFC0F5}.SingleImage|Any CPU.ActiveCfg = Release|Any CPU
		{D17E2712-D4D5-4E9E-BB47-708090FFC0F5}.SingleImage|Any CPU.Build.0 = Release|Any CPU
		{D17E2712-D4D5-4E9E-BB47-708090FFC0F5}.SingleImage|Mixed Platforms.ActiveCfg = Release|Any CPU
		{D17E2712-D4D5-4E9E-BB47-708090FFC0F5}.SingleImage|Mixed Platforms.Build.0 = Release|Any CPU
		{D17E2712-D4D5-4E9E-BB47-708090FFC0F5}.SingleImage|x86.ActiveCfg = Release|Any CPU
		{9CED347B-6371-4CCC-81F0-A756B5744B83}.CD_ROM|.NET.ActiveCfg = Release|Any CPU
		{9CED347B-6371-4CCC-81F0-A756B5744B83}.CD_ROM|Any CPU.ActiveCfg = Release|Any CPU
		{9CED347B-6371-4CCC-81F0-A756B5744B83}.CD_ROM|Any CPU.Build.0 = Release|Any CPU
		{9CED347B-6371-4CCC-81F0-A756B5744B83}.CD_ROM|Mixed Platforms.ActiveCfg = Release|Any CPU
		{9CED347B-6371-4CCC-81F0-A756B5744B83}.CD_ROM|Mixed Platforms.Build.0 = Release|Any CPU
		{9CED347B-6371-4CCC-81F0-A756B5744B83}.CD_ROM|x86.ActiveCfg = Release|Any CPU
		{9CED347B-6371-4CCC-81F0-A756B5744B83}.Debug|.NET.ActiveCfg = Debug|Any CPU
		{9CED347B-6371-4CCC-81F0-A756B5744B83}.Debug|Any CPU.ActiveCfg = Debug|Any CPU
		{9CED347B-6371-4CCC-81F0-A756B5744B83}.Debug|Any CPU.Build.0 = Debug|Any CPU
		{9CED347B-6371-4CCC-81F0-A756B5744B83}.Debug|Mixed Platforms.ActiveCfg = Debug|Any CPU
		{9CED347B-6371-4CCC-81F0-A756B5744B83}.Debug|Mixed Platforms.Build.0 = Debug|Any CPU
		{9CED347B-6371-4CCC-81F0-A756B5744B83}.Debug|x86.ActiveCfg = Debug|Any CPU
		{9CED347B-6371-4CCC-81F0-A756B5744B83}.DVD-5|.NET.ActiveCfg = Debug|Any CPU
		{9CED347B-6371-4CCC-81F0-A756B5744B83}.DVD-5|Any CPU.ActiveCfg = Debug|Any CPU
		{9CED347B-6371-4CCC-81F0-A756B5744B83}.DVD-5|Any CPU.Build.0 = Debug|Any CPU
		{9CED347B-6371-4CCC-81F0-A756B5744B83}.DVD-5|Mixed Platforms.ActiveCfg = Debug|Any CPU
		{9CED347B-6371-4CCC-81F0-A756B5744B83}.DVD-5|Mixed Platforms.Build.0 = Debug|Any CPU
		{9CED347B-6371-4CCC-81F0-A756B5744B83}.DVD-5|x86.ActiveCfg = Debug|Any CPU
		{9CED347B-6371-4CCC-81F0-A756B5744B83}.Release|.NET.ActiveCfg = Release|Any CPU
		{9CED347B-6371-4CCC-81F0-A756B5744B83}.Release|Any CPU.ActiveCfg = Release|Any CPU
		{9CED347B-6371-4CCC-81F0-A756B5744B83}.Release|Any CPU.Build.0 = Release|Any CPU
		{9CED347B-6371-4CCC-81F0-A756B5744B83}.Release|Mixed Platforms.ActiveCfg = Release|Any CPU
		{9CED347B-6371-4CCC-81F0-A756B5744B83}.Release|Mixed Platforms.Build.0 = Release|Any CPU
		{9CED347B-6371-4CCC-81F0-A756B5744B83}.Release|x86.ActiveCfg = Release|Any CPU
		{9CED347B-6371-4CCC-81F0-A756B5744B83}.SingleImage|.NET.ActiveCfg = Release|Any CPU
		{9CED347B-6371-4CCC-81F0-A756B5744B83}.SingleImage|Any CPU.ActiveCfg = Release|Any CPU
		{9CED347B-6371-4CCC-81F0-A756B5744B83}.SingleImage|Any CPU.Build.0 = Release|Any CPU
		{9CED347B-6371-4CCC-81F0-A756B5744B83}.SingleImage|Mixed Platforms.ActiveCfg = Release|Any CPU
		{9CED347B-6371-4CCC-81F0-A756B5744B83}.SingleImage|Mixed Platforms.Build.0 = Release|Any CPU
		{9CED347B-6371-4CCC-81F0-A756B5744B83}.SingleImage|x86.ActiveCfg = Release|Any CPU
		{818BD653-A107-4935-BC67-9B0F234D1F87}.CD_ROM|.NET.ActiveCfg = Release|Any CPU
		{818BD653-A107-4935-BC67-9B0F234D1F87}.CD_ROM|Any CPU.ActiveCfg = Release|Any CPU
		{818BD653-A107-4935-BC67-9B0F234D1F87}.CD_ROM|Any CPU.Build.0 = Release|Any CPU
		{818BD653-A107-4935-BC67-9B0F234D1F87}.CD_ROM|Mixed Platforms.ActiveCfg = Release|Any CPU
		{818BD653-A107-4935-BC67-9B0F234D1F87}.CD_ROM|Mixed Platforms.Build.0 = Release|Any CPU
		{818BD653-A107-4935-BC67-9B0F234D1F87}.CD_ROM|x86.ActiveCfg = Release|Any CPU
		{818BD653-A107-4935-BC67-9B0F234D1F87}.Debug|.NET.ActiveCfg = Debug|Any CPU
		{818BD653-A107-4935-BC67-9B0F234D1F87}.Debug|Any CPU.ActiveCfg = Debug|Any CPU
		{818BD653-A107-4935-BC67-9B0F234D1F87}.Debug|Any CPU.Build.0 = Debug|Any CPU
		{818BD653-A107-4935-BC67-9B0F234D1F87}.Debug|Mixed Platforms.ActiveCfg = Debug|Any CPU
		{818BD653-A107-4935-BC67-9B0F234D1F87}.Debug|Mixed Platforms.Build.0 = Debug|Any CPU
		{818BD653-A107-4935-BC67-9B0F234D1F87}.Debug|x86.ActiveCfg = Debug|Any CPU
		{818BD653-A107-4935-BC67-9B0F234D1F87}.DVD-5|.NET.ActiveCfg = Debug|Any CPU
		{818BD653-A107-4935-BC67-9B0F234D1F87}.DVD-5|Any CPU.ActiveCfg = Debug|Any CPU
		{818BD653-A107-4935-BC67-9B0F234D1F87}.DVD-5|Any CPU.Build.0 = Debug|Any CPU
		{818BD653-A107-4935-BC67-9B0F234D1F87}.DVD-5|Mixed Platforms.ActiveCfg = Debug|Any CPU
		{818BD653-A107-4935-BC67-9B0F234D1F87}.DVD-5|Mixed Platforms.Build.0 = Debug|Any CPU
		{818BD653-A107-4935-BC67-9B0F234D1F87}.DVD-5|x86.ActiveCfg = Debug|Any CPU
		{818BD653-A107-4935-BC67-9B0F234D1F87}.Release|.NET.ActiveCfg = Release|Any CPU
		{818BD653-A107-4935-BC67-9B0F234D1F87}.Release|Any CPU.ActiveCfg = Release|Any CPU
		{818BD653-A107-4935-BC67-9B0F234D1F87}.Release|Any CPU.Build.0 = Release|Any CPU
		{818BD653-A107-4935-BC67-9B0F234D1F87}.Release|Mixed Platforms.ActiveCfg = Release|Any CPU
		{818BD653-A107-4935-BC67-9B0F234D1F87}.Release|Mixed Platforms.Build.0 = Release|Any CPU
		{818BD653-A107-4935-BC67-9B0F234D1F87}.Release|x86.ActiveCfg = Release|Any CPU
		{818BD653-A107-4935-BC67-9B0F234D1F87}.SingleImage|.NET.ActiveCfg = Release|Any CPU
		{818BD653-A107-4935-BC67-9B0F234D1F87}.SingleImage|Any CPU.ActiveCfg = Release|Any CPU
		{818BD653-A107-4935-BC67-9B0F234D1F87}.SingleImage|Any CPU.Build.0 = Release|Any CPU
		{818BD653-A107-4935-BC67-9B0F234D1F87}.SingleImage|Mixed Platforms.ActiveCfg = Release|Any CPU
		{818BD653-A107-4935-BC67-9B0F234D1F87}.SingleImage|Mixed Platforms.Build.0 = Release|Any CPU
		{818BD653-A107-4935-BC67-9B0F234D1F87}.SingleImage|x86.ActiveCfg = Release|Any CPU
		{FAB74AE6-B2B3-487F-9BFB-CFDB4BD1AD8B}.CD_ROM|.NET.ActiveCfg = Release|Any CPU
		{FAB74AE6-B2B3-487F-9BFB-CFDB4BD1AD8B}.CD_ROM|Any CPU.ActiveCfg = Release|Any CPU
		{FAB74AE6-B2B3-487F-9BFB-CFDB4BD1AD8B}.CD_ROM|Any CPU.Build.0 = Release|Any CPU
		{FAB74AE6-B2B3-487F-9BFB-CFDB4BD1AD8B}.CD_ROM|Mixed Platforms.ActiveCfg = Release|Any CPU
		{FAB74AE6-B2B3-487F-9BFB-CFDB4BD1AD8B}.CD_ROM|Mixed Platforms.Build.0 = Release|Any CPU
		{FAB74AE6-B2B3-487F-9BFB-CFDB4BD1AD8B}.CD_ROM|x86.ActiveCfg = Release|Any CPU
		{FAB74AE6-B2B3-487F-9BFB-CFDB4BD1AD8B}.Debug|.NET.ActiveCfg = Debug|Any CPU
		{FAB74AE6-B2B3-487F-9BFB-CFDB4BD1AD8B}.Debug|Any CPU.ActiveCfg = Debug|Any CPU
		{FAB74AE6-B2B3-487F-9BFB-CFDB4BD1AD8B}.Debug|Any CPU.Build.0 = Debug|Any CPU
		{FAB74AE6-B2B3-487F-9BFB-CFDB4BD1AD8B}.Debug|Mixed Platforms.ActiveCfg = Debug|Any CPU
		{FAB74AE6-B2B3-487F-9BFB-CFDB4BD1AD8B}.Debug|x86.ActiveCfg = Debug|Any CPU
		{FAB74AE6-B2B3-487F-9BFB-CFDB4BD1AD8B}.DVD-5|.NET.ActiveCfg = Debug|Any CPU
		{FAB74AE6-B2B3-487F-9BFB-CFDB4BD1AD8B}.DVD-5|Any CPU.ActiveCfg = Debug|Any CPU
		{FAB74AE6-B2B3-487F-9BFB-CFDB4BD1AD8B}.DVD-5|Any CPU.Build.0 = Debug|Any CPU
		{FAB74AE6-B2B3-487F-9BFB-CFDB4BD1AD8B}.DVD-5|Mixed Platforms.ActiveCfg = Debug|Any CPU
		{FAB74AE6-B2B3-487F-9BFB-CFDB4BD1AD8B}.DVD-5|Mixed Platforms.Build.0 = Debug|Any CPU
		{FAB74AE6-B2B3-487F-9BFB-CFDB4BD1AD8B}.DVD-5|x86.ActiveCfg = Debug|Any CPU
		{FAB74AE6-B2B3-487F-9BFB-CFDB4BD1AD8B}.Release|.NET.ActiveCfg = Release|Any CPU
		{FAB74AE6-B2B3-487F-9BFB-CFDB4BD1AD8B}.Release|Any CPU.ActiveCfg = Release|Any CPU
		{FAB74AE6-B2B3-487F-9BFB-CFDB4BD1AD8B}.Release|Any CPU.Build.0 = Release|Any CPU
		{FAB74AE6-B2B3-487F-9BFB-CFDB4BD1AD8B}.Release|Mixed Platforms.ActiveCfg = Release|Any CPU
		{FAB74AE6-B2B3-487F-9BFB-CFDB4BD1AD8B}.Release|Mixed Platforms.Build.0 = Release|Any CPU
		{FAB74AE6-B2B3-487F-9BFB-CFDB4BD1AD8B}.Release|x86.ActiveCfg = Release|Any CPU
		{FAB74AE6-B2B3-487F-9BFB-CFDB4BD1AD8B}.SingleImage|.NET.ActiveCfg = Release|Any CPU
		{FAB74AE6-B2B3-487F-9BFB-CFDB4BD1AD8B}.SingleImage|Any CPU.ActiveCfg = Release|Any CPU
		{FAB74AE6-B2B3-487F-9BFB-CFDB4BD1AD8B}.SingleImage|Any CPU.Build.0 = Release|Any CPU
		{FAB74AE6-B2B3-487F-9BFB-CFDB4BD1AD8B}.SingleImage|Mixed Platforms.ActiveCfg = Release|Any CPU
		{FAB74AE6-B2B3-487F-9BFB-CFDB4BD1AD8B}.SingleImage|Mixed Platforms.Build.0 = Release|Any CPU
		{FAB74AE6-B2B3-487F-9BFB-CFDB4BD1AD8B}.SingleImage|x86.ActiveCfg = Release|Any CPU
	EndGlobalSection
	GlobalSection(SolutionProperties) = preSolution
		HideSolutionNode = FALSE
	EndGlobalSection
	GlobalSection(ExtensibilityGlobals) = postSolution
		SolutionGuid = {295B0458-ADD3-4FC2-9A9B-E319B0E57C0E}
	EndGlobalSection
	GlobalSection(TeamFoundationVersionControl) = preSolution
		SccNumberOfProjects = 11
		SccEnterpriseProvider = {4CA58AB2-18FA-4F8D-95D4-32DDF27D184C}
		SccTeamFoundationServer = http://srvdesdb/coleccionsipdesktop
		SccLocalPath0 = .
		SccProjectUniqueName1 = APP\\APP.vbproj
		SccProjectName1 = APP
		SccLocalPath1 = APP
		SccProjectUniqueName2 = APPCamaraWeb\\APPCamaraWeb.vbproj
		SccProjectName2 = APPCamaraWeb
		SccLocalPath2 = APPCamaraWeb
		SccProjectUniqueName3 = APPControlHuellaVisita\\APPControlHuellaVisita.vbproj
		SccProjectName3 = APPControlHuellaVisita
		SccLocalPath3 = APPControlHuellaVisita
		SccProjectUniqueName4 = APPControls\\APPControls.vbproj
		SccProjectName4 = APPControls
		SccLocalPath4 = APPControls
		SccProjectUniqueName5 = APPReporte\\APPReporte.vbproj
		SccProjectName5 = APPReporte
		SccLocalPath5 = APPReporte
		SccProjectUniqueName6 = APPWebService\\APPWebService.vbproj
		SccProjectName6 = APPWebService
		SccLocalPath6 = APPWebService
		SccProjectUniqueName7 = Bussines\\Bussines.vbproj
		SccProjectName7 = Bussines
		SccLocalPath7 = Bussines
		SccProjectUniqueName8 = Data\\Data.vbproj
		SccProjectName8 = Data
		SccLocalPath8 = Data
		SccProjectUniqueName9 = Entity\\Entity.vbproj
		SccProjectName9 = Entity
		SccLocalPath9 = Entity
		SccProjectUniqueName10 = Type\\Type.vbproj
		SccProjectName10 = Type
		SccLocalPath10 = Type
	EndGlobalSection
EndGlobal
